lockfileVersion: '9.0'

settings:
  autoInstallPeers: true
  excludeLinksFromLockfile: false

importers:

  .:
    devDependencies:
      techdoc:
        specifier: file:./scripts
        version: file:scripts

packages:

  commander@12.1.0:
    resolution: {integrity: sha512-Vw8qHK3bZM9y/P10u3Vib8o/DdkvA2OtPtZvD871QKjy74Wj1WSKFILMPRPSdUSx5RFK1arlJzEtA4PkFgnbuA==}
    engines: {node: '>=18'}

  dotenv@16.6.1:
    resolution: {integrity: sha512-uBq4egWHTcTt33a72vpSG0z3HnPuIl6NqYcTrKEg2azoEyl2hpW0zqlxysq2pK9HlDIHyHyakeYaYnSAwd8bow==}
    engines: {node: '>=12'}

  techdoc@file:scripts:
    resolution: {directory: scripts, type: directory}
    hasBin: true

snapshots:

  commander@12.1.0: {}

  dotenv@16.6.1: {}

  techdoc@file:scripts:
    dependencies:
      commander: 12.1.0
      dotenv: 16.6.1
